
Microsoft Visual Studio Solution File, Format Version 12.00
# Visual Studio Version 17
VisualStudioVersion = 17.0.32002.185
MinimumVisualStudioVersion = 10.0.40219.1
Project("{FAE04EC0-301F-11D3-BF4B-00C04F79EFBC}") = "Parallelogramm", "Parallelogramm\Parallelogramm.csproj", "{F3383004-0BAF-4EBF-A786-91DAFFD2AB46}"
EndProject
Global
	GlobalSection(SolutionConfigurationPlatforms) = preSolution
		Debug|Any CPU = Debug|Any CPU
		Release|Any CPU = Release|Any CPU
	EndGlobalSection
	GlobalSection(ProjectConfigurationPlatforms) = postSolution
		{F3383004-0BAF-4EBF-A786-91DAFFD2AB46}.Debug|Any CPU.ActiveCfg = Debug|Any CPU
		{F3383004-0BAF-4EBF-A786-91DAFFD2AB46}.Debug|Any CPU.Build.0 = Debug|Any CPU
		{F3383004-0BAF-4EBF-A786-91DAFFD2AB46}.Release|Any CPU.ActiveCfg = Release|Any CPU
		{F3383004-0BAF-4EBF-A786-91DAFFD2AB46}.Release|Any CPU.Build.0 = Release|Any CPU
	EndGlobalSection
	GlobalSection(SolutionProperties) = preSolution
		HideSolutionNode = FALSE
	EndGlobalSection
	GlobalSection(ExtensibilityGlobals) = postSolution
		SolutionGuid = {B5B8DF3D-68FB-43BA-99CB-C63852A134B6}
	EndGlobalSection
EndGlobal
